
Microsoft Visual Studio Solution File, Format Version 12.00
# Visual Studio Version 17
VisualStudioVersion = 17.9.34714.143
MinimumVisualStudioVersion = 10.0.40219.1
Project("{FAE04EC0-301F-11D3-BF4B-00C04F79EFBC}") = "Practico3", "Practico3.csproj", "{4566FC2F-7100-47B3-A980-E5143F20D6DD}"
EndProject
Global
	GlobalSection(SolutionConfigurationPlatforms) = preSolution
		Debug|Any CPU = Debug|Any CPU
		Release|Any CPU = Release|Any CPU
	EndGlobalSection
	GlobalSection(ProjectConfigurationPlatforms) = postSolution
		{4566FC2F-7100-47B3-A980-E5143F20D6DD}.Debug|Any CPU.ActiveCfg = Debug|Any CPU
		{4566FC2F-7100-47B3-A980-E5143F20D6DD}.Debug|Any CPU.Build.0 = Debug|Any CPU
		{4566FC2F-7100-47B3-A980-E5143F20D6DD}.Release|Any CPU.ActiveCfg = Release|Any CPU
		{4566FC2F-7100-47B3-A980-E5143F20D6DD}.Release|Any CPU.Build.0 = Release|Any CPU
	EndGlobalSection
	GlobalSection(SolutionProperties) = preSolution
		HideSolutionNode = FALSE
	EndGlobalSection
	GlobalSection(ExtensibilityGlobals) = postSolution
		SolutionGuid = {6CA99456-1BAE-4B19-A41E-322B2EF556D6}
	EndGlobalSection
EndGlobal
